
Microsoft Visual Studio Solution File, Format Version 12.00
# Visual Studio 15
Project("{FAE04EC0-301F-11D3-BF4B-00C04F79EFBC}") = "Assembly-CSharp", "Assembly-CSharp.csproj", "{1203F5C2-14AF-B68B-42D2-196350C8AEA9}"
EndProject
Project("{FAE04EC0-301F-11D3-BF4B-00C04F79EFBC}") = "FMODUnity", "FMODUnity.csproj", "{30FE3FF7-9306-5100-087A-B7D27BE02E31}"
EndProject
Project("{FAE04EC0-301F-11D3-BF4B-00C04F79EFBC}") = "FMODUnityResonance", "FMODUnityResonance.csproj", "{2C12A4C5-461F-F1C6-DC0A-878F9728FD27}"
EndProject
Project("{FAE04EC0-301F-11D3-BF4B-00C04F79EFBC}") = "Assembly-CSharp-Editor", "Assembly-CSharp-Editor.csproj", "{11EDAACD-23D0-D052-F96B-142763FC2636}"
EndProject
Project("{FAE04EC0-301F-11D3-BF4B-00C04F79EFBC}") = "FMODUnityEditor", "FMODUnityEditor.csproj", "{42F0136A-9418-F59A-9398-33C67DB78EA4}"
EndProject
Project("{FAE04EC0-301F-11D3-BF4B-00C04F79EFBC}") = "FMODUnityResonanceEditor", "FMODUnityResonanceEditor.csproj", "{D0ADFE5E-7EB0-0717-5A56-00D3DF9953A3}"
EndProject
Global
	GlobalSection(SolutionConfigurationPlatforms) = preSolution
		Debug|Any CPU = Debug|Any CPU
		Release|Any CPU = Release|Any CPU
	EndGlobalSection
	GlobalSection(ProjectConfigurationPlatforms) = postSolution
		{1203F5C2-14AF-B68B-42D2-196350C8AEA9}.Debug|Any CPU.ActiveCfg = Debug|Any CPU
		{1203F5C2-14AF-B68B-42D2-196350C8AEA9}.Debug|Any CPU.Build.0 = Debug|Any CPU
		{1203F5C2-14AF-B68B-42D2-196350C8AEA9}.Release|Any CPU.ActiveCfg = Release|Any CPU
		{1203F5C2-14AF-B68B-42D2-196350C8AEA9}.Release|Any CPU.Build.0 = Release|Any CPU
		{30FE3FF7-9306-5100-087A-B7D27BE02E31}.Debug|Any CPU.ActiveCfg = Debug|Any CPU
		{30FE3FF7-9306-5100-087A-B7D27BE02E31}.Debug|Any CPU.Build.0 = Debug|Any CPU
		{30FE3FF7-9306-5100-087A-B7D27BE02E31}.Release|Any CPU.ActiveCfg = Release|Any CPU
		{30FE3FF7-9306-5100-087A-B7D27BE02E31}.Release|Any CPU.Build.0 = Release|Any CPU
		{2C12A4C5-461F-F1C6-DC0A-878F9728FD27}.Debug|Any CPU.ActiveCfg = Debug|Any CPU
		{2C12A4C5-461F-F1C6-DC0A-878F9728FD27}.Debug|Any CPU.Build.0 = Debug|Any CPU
		{2C12A4C5-461F-F1C6-DC0A-878F9728FD27}.Release|Any CPU.ActiveCfg = Release|Any CPU
		{2C12A4C5-461F-F1C6-DC0A-878F9728FD27}.Release|Any CPU.Build.0 = Release|Any CPU
		{11EDAACD-23D0-D052-F96B-142763FC2636}.Debug|Any CPU.ActiveCfg = Debug|Any CPU
		{11EDAACD-23D0-D052-F96B-142763FC2636}.Debug|Any CPU.Build.0 = Debug|Any CPU
		{11EDAACD-23D0-D052-F96B-142763FC2636}.Release|Any CPU.ActiveCfg = Release|Any CPU
		{11EDAACD-23D0-D052-F96B-142763FC2636}.Release|Any CPU.Build.0 = Release|Any CPU
		{42F0136A-9418-F59A-9398-33C67DB78EA4}.Debug|Any CPU.ActiveCfg = Debug|Any CPU
		{42F0136A-9418-F59A-9398-33C67DB78EA4}.Debug|Any CPU.Build.0 = Debug|Any CPU
		{42F0136A-9418-F59A-9398-33C67DB78EA4}.Release|Any CPU.ActiveCfg = Release|Any CPU
		{42F0136A-9418-F59A-9398-33C67DB78EA4}.Release|Any CPU.Build.0 = Release|Any CPU
		{D0ADFE5E-7EB0-0717-5A56-00D3DF9953A3}.Debug|Any CPU.ActiveCfg = Debug|Any CPU
		{D0ADFE5E-7EB0-0717-5A56-00D3DF9953A3}.Debug|Any CPU.Build.0 = Debug|Any CPU
		{D0ADFE5E-7EB0-0717-5A56-00D3DF9953A3}.Release|Any CPU.ActiveCfg = Release|Any CPU
		{D0ADFE5E-7EB0-0717-5A56-00D3DF9953A3}.Release|Any CPU.Build.0 = Release|Any CPU
	EndGlobalSection
	GlobalSection(SolutionProperties) = preSolution
		HideSolutionNode = FALSE
	EndGlobalSection
EndGlobal
